
Microsoft Visual Studio Solution File, Format Version 12.00
# Visual Studio Version 17
VisualStudioVersion = 17.0.31903.59
MinimumVisualStudioVersion = 10.0.40219.1
Project("{9A19103F-16F7-4668-BE54-9A1E7A4F7556}") = "KubeTMS.Server", "KubeTMS.Server\KubeTMS.Server.csproj", "{EBC88686-F313-4D7F-8966-871C507C9775}"
EndProject
Project("{9A19103F-16F7-4668-BE54-9A1E7A4F7556}") = "KubeTMS.Client", "KubeTMS.Client\KubeTMS.Client.csproj", "{987F25E7-7984-4195-AAFC-582E2C106B69}"
EndProject
Project("{9A19103F-16F7-4668-BE54-9A1E7A4F7556}") = "KubeTMS.Shared", "KubeTMS.Shared\KubeTMS.Shared.csproj", "{C83494EE-6126-48BC-8552-C7AB9011400C}"
EndProject
Project("{2150E333-8FDC-42A3-9474-1A3956D46DE8}") = "Solution Items", "Solution Items", "{297D2223-A2AE-483E-B973-40479E843C78}"
	ProjectSection(SolutionItems) = preProject
		Dockerfile = Dockerfile
		..\K8S\ingress-srv.yaml = ..\K8S\ingress-srv.yaml
		kubetms-depl.yaml = kubetms-depl.yaml
		kubetms-np-srv.yaml = kubetms-np-srv.yaml
		..\K8S\local-pvc.yaml = ..\K8S\local-pvc.yaml
		..\K8S\mssql-kubetms-depl.yaml = ..\K8S\mssql-kubetms-depl.yaml
		Readme.txt = Readme.txt
	EndProjectSection
EndProject
Project("{9A19103F-16F7-4668-BE54-9A1E7A4F7556}") = "KubeTMS.Core", "KubeTMS.Core\KubeTMS.Core.csproj", "{C7336932-F5DC-450E-B3B0-C9B170AB9ECB}"
EndProject
Global
	GlobalSection(SolutionConfigurationPlatforms) = preSolution
		Debug|Any CPU = Debug|Any CPU
		Release|Any CPU = Release|Any CPU
	EndGlobalSection
	GlobalSection(ProjectConfigurationPlatforms) = postSolution
		{EBC88686-F313-4D7F-8966-871C507C9775}.Debug|Any CPU.ActiveCfg = Debug|Any CPU
		{EBC88686-F313-4D7F-8966-871C507C9775}.Debug|Any CPU.Build.0 = Debug|Any CPU
		{EBC88686-F313-4D7F-8966-871C507C9775}.Release|Any CPU.ActiveCfg = Release|Any CPU
		{EBC88686-F313-4D7F-8966-871C507C9775}.Release|Any CPU.Build.0 = Release|Any CPU
		{987F25E7-7984-4195-AAFC-582E2C106B69}.Debug|Any CPU.ActiveCfg = Debug|Any CPU
		{987F25E7-7984-4195-AAFC-582E2C106B69}.Debug|Any CPU.Build.0 = Debug|Any CPU
		{987F25E7-7984-4195-AAFC-582E2C106B69}.Release|Any CPU.ActiveCfg = Release|Any CPU
		{987F25E7-7984-4195-AAFC-582E2C106B69}.Release|Any CPU.Build.0 = Release|Any CPU
		{C83494EE-6126-48BC-8552-C7AB9011400C}.Debug|Any CPU.ActiveCfg = Debug|Any CPU
		{C83494EE-6126-48BC-8552-C7AB9011400C}.Debug|Any CPU.Build.0 = Debug|Any CPU
		{C83494EE-6126-48BC-8552-C7AB9011400C}.Release|Any CPU.ActiveCfg = Release|Any CPU
		{C83494EE-6126-48BC-8552-C7AB9011400C}.Release|Any CPU.Build.0 = Release|Any CPU
		{C7336932-F5DC-450E-B3B0-C9B170AB9ECB}.Debug|Any CPU.ActiveCfg = Debug|Any CPU
		{C7336932-F5DC-450E-B3B0-C9B170AB9ECB}.Debug|Any CPU.Build.0 = Debug|Any CPU
		{C7336932-F5DC-450E-B3B0-C9B170AB9ECB}.Release|Any CPU.ActiveCfg = Release|Any CPU
		{C7336932-F5DC-450E-B3B0-C9B170AB9ECB}.Release|Any CPU.Build.0 = Release|Any CPU
	EndGlobalSection
	GlobalSection(SolutionProperties) = preSolution
		HideSolutionNode = FALSE
	EndGlobalSection
	GlobalSection(ExtensibilityGlobals) = postSolution
		SolutionGuid = {72D8815D-BBCE-43D2-A9FF-0C3AC4E9C65D}
	EndGlobalSection
EndGlobal
